<?xml version="1.0" encoding="utf-8"?>
<Project ToolsVersion="4.0" xmlns="http://schemas.microsoft.com/developer/msbuild/2003">
  <ItemGroup>
    <Filter Include="Source Files">
      <UniqueIdentifier>{4FC737F1-C7A5-4376-A066-2A32D752A2FF}</UniqueIdentifier>
      <Extensions>cpp;c;cc;cxx;def;odl;idl;hpj;bat;asm;asmx</Extensions>
    </Filter>
    <Filter Include="Header Files">
      <UniqueIdentifier>{93995380-89BD-4b04-88EB-625FBE52EBFB}</UniqueIdentifier>
      <Extensions>h;hpp;hxx;hm;inl;inc;xsd</Extensions>
    </Filter>
    <Filter Include="Resource Files">
      <UniqueIdentifier>{67DA6AB6-F800-4c08-8B7A-83BB121AAD01}</UniqueIdentifier>
      <Extensions>rc;ico;cur;bmp;dlg;rc2;rct;bin;rgs;gif;jpg;jpeg;jpe;resx;tiff;tif;png;wav;mfcribbon-ms</Extensions>
    </Filter>
  </ItemGroup>
  <ItemGroup>
    <None Include="ReadMe.txt" />
  </ItemGroup>
  <ItemGroup>
    <ClInclude Include="include\platform\vtx_iostream.h">
      <Filter>Header Files</Filter>
    </ClInclude>
    <ClInclude Include="include\platform\vtx_atomic.h">
      <Filter>Header Files</Filter>
    </ClInclude>
    <ClInclude Include="include\platform\vtx_thread.h">
      <Filter>Header Files</Filter>
    </ClInclude>
    <ClInclude Include="include\platform\vtx_filestream.h">
      <Filter>Header Files</Filter>
    </ClInclude>
    <ClInclude Include="include\platform\vtx_signal.h">
      <Filter>Header Files</Filter>
    </ClInclude>
    <ClInclude Include="include\platform\vtx_timer.h">
      <Filter>Header Files</Filter>
    </ClInclude>
    <ClInclude Include="include\platform\vtx_platform.h">
      <Filter>Header Files</Filter>
    </ClInclude>
    <ClInclude Include="include\core\vtx_types.h">
      <Filter>Header Files</Filter>
    </ClInclude>
    <ClInclude Include="include\core\vtx_stack_allocator.h">
      <Filter>Header Files</Filter>
    </ClInclude>
    <ClInclude Include="include\core\vtx_math.h">
      <Filter>Header Files</Filter>
    </ClInclude>
    <ClInclude Include="include\core\vtx_assertions.h">
      <Filter>Header Files</Filter>
    </ClInclude>
    <ClInclude Include="include\core\vtx_util.h">
      <Filter>Header Files</Filter>
    </ClInclude>
    <ClInclude Include="include\core\vtx_double_stack_allocator.h">
      <Filter>Header Files</Filter>
    </ClInclude>
    <ClInclude Include="include\vortex\vtx_job.h">
      <Filter>Header Files</Filter>
    </ClInclude>
    <ClInclude Include="include\vortex\vtx_dx10render.h">
      <Filter>Header Files</Filter>
    </ClInclude>
    <ClInclude Include="include\vortex\vtx_vortex.h">
      <Filter>Header Files</Filter>
    </ClInclude>
    <ClInclude Include="include\vortex\vtx_openglrender.h">
      <Filter>Header Files</Filter>
    </ClInclude>
    <ClInclude Include="include\vortex\vtx_clock.h">
      <Filter>Header Files</Filter>
    </ClInclude>
    <ClInclude Include="include\vortex\vtx_resource.h">
      <Filter>Header Files</Filter>
    </ClInclude>
    <ClInclude Include="include\core\vtx_eventoutput.h">
      <Filter>Header Files</Filter>
    </ClInclude>
    <ClInclude Include="include\vtx_texture.h">
      <Filter>Header Files</Filter>
    </ClInclude>
    <ClInclude Include="include\core\vtx_concurrent_queue.h">
      <Filter>Header Files</Filter>
    </ClInclude>
    <ClInclude Include="include\platform\vtx_filesystem.h">
      <Filter>Header Files</Filter>
    </ClInclude>
    <ClInclude Include="include\vortex\vtx_vbuffer.h">
      <Filter>Header Files</Filter>
    </ClInclude>
    <ClInclude Include="include\vortex\vtx_camera.h">
      <Filter>Header Files</Filter>
    </ClInclude>
    <ClInclude Include="include\vortex\vtx_rendercreationparams.h">
      <Filter>Header Files</Filter>
    </ClInclude>
    <ClInclude Include="include\vortex\vtx_windowcreationparams.h">
      <Filter>Header Files</Filter>
    </ClInclude>
    <ClInclude Include="include\vortex\vtx_nativewindow.h">
      <Filter>Header Files</Filter>
    </ClInclude>
    <ClInclude Include="include\platform\vtx_buildconfig.h">
      <Filter>Header Files</Filter>
    </ClInclude>
    <ClInclude Include="include\vortex\vtx_jobprocessor.h">
      <Filter>Header Files</Filter>
    </ClInclude>
    <ClInclude Include="include\vortex\vtx_jobmanager.h">
      <Filter>Header Files</Filter>
    </ClInclude>
    <ClInclude Include="include\vortex\vtx_rendermanager.h">
      <Filter>Header Files</Filter>
    </ClInclude>
    <ClInclude Include="include\vortex\vtx_vertexposnormtex.h">
      <Filter>Header Files</Filter>
    </ClInclude>
    <ClInclude Include="include\vortex\vtx_d3d10vertexbuffer.h">
      <Filter>Header Files</Filter>
    </ClInclude>
    <ClInclude Include="include\vortex\vtx_renderapi.h">
      <Filter>Header Files</Filter>
    </ClInclude>
    <ClInclude Include="include\core\vtx_vector2.h">
      <Filter>Header Files</Filter>
    </ClInclude>
    <ClInclude Include="include\core\vtx_vector3.h">
      <Filter>Header Files</Filter>
    </ClInclude>
    <ClInclude Include="include\core\vtx_vector4.h">
      <Filter>Header Files</Filter>
    </ClInclude>
    <ClInclude Include="include\core\vtx_matrix4x4.h">
      <Filter>Header Files</Filter>
    </ClInclude>
    <ClInclude Include="include\vortex\vtx_simulationmanager.h">
      <Filter>Header Files</Filter>
    </ClInclude>
  </ItemGroup>
  <ItemGroup>
    <ClCompile Include="src\platform\file.cpp">
      <Filter>Source Files</Filter>
    </ClCompile>
    <ClCompile Include="src\platform\thread.cpp">
      <Filter>Source Files</Filter>
    </ClCompile>
    <ClCompile Include="src\platform\iostream.cpp">
      <Filter>Source Files</Filter>
    </ClCompile>
    <ClCompile Include="src\platform\filesystem.cpp">
      <Filter>Source Files</Filter>
    </ClCompile>
    <ClCompile Include="src\platform\timer.cpp">
      <Filter>Source Files</Filter>
    </ClCompile>
    <ClCompile Include="src\platform\signal.cpp">
      <Filter>Source Files</Filter>
    </ClCompile>
    <ClCompile Include="src\platform\filestream.cpp">
      <Filter>Source Files</Filter>
    </ClCompile>
    <ClCompile Include="src\core\matrix.cpp">
      <Filter>Source Files</Filter>
    </ClCompile>
    <ClCompile Include="src\core\vector4.cpp">
      <Filter>Source Files</Filter>
    </ClCompile>
    <ClCompile Include="src\core\stack_allocator.cpp">
      <Filter>Source Files</Filter>
    </ClCompile>
    <ClCompile Include="src\core\math.cpp">
      <Filter>Source Files</Filter>
    </ClCompile>
    <ClCompile Include="src\core\vector3.cpp">
      <Filter>Source Files</Filter>
    </ClCompile>
    <ClCompile Include="src\core\vector2.cpp">
      <Filter>Source Files</Filter>
    </ClCompile>
    <ClCompile Include="src\core\util.cpp">
      <Filter>Source Files</Filter>
    </ClCompile>
    <ClCompile Include="src\core\assertions.cpp">
      <Filter>Source Files</Filter>
    </ClCompile>
    <ClCompile Include="src\core\concurrent_queue.cpp">
      <Filter>Source Files</Filter>
    </ClCompile>
    <ClCompile Include="src\vortex\window.cpp">
      <Filter>Source Files</Filter>
    </ClCompile>
    <ClCompile Include="src\vortex\openglrender.cpp">
      <Filter>Source Files</Filter>
    </ClCompile>
    <ClCompile Include="src\vortex\job.cpp">
      <Filter>Source Files</Filter>
    </ClCompile>
    <ClCompile Include="src\vortex\dx10render.cpp">
      <Filter>Source Files</Filter>
    </ClCompile>
    <ClCompile Include="src\vortex\render.cpp">
      <Filter>Source Files</Filter>
    </ClCompile>
    <ClCompile Include="src\vortex\vortex_root.cpp">
      <Filter>Source Files</Filter>
    </ClCompile>
    <ClCompile Include="src\vortex\windowcreationparams.cpp">
      <Filter>Source Files</Filter>
    </ClCompile>
    <ClCompile Include="src\vortex\clock.cpp">
      <Filter>Source Files</Filter>
    </ClCompile>
    <ClCompile Include="src\vortex\rendercreationparams.cpp">
      <Filter>Source Files</Filter>
    </ClCompile>
    <ClCompile Include="src\vortex\renderinternal.cpp">
      <Filter>Source Files</Filter>
    </ClCompile>
    <ClCompile Include="src\vortex\resource.cpp">
      <Filter>Source Files</Filter>
    </ClCompile>
    <ClCompile Include="src\core\eventoutput.cpp">
      <Filter>Source Files</Filter>
    </ClCompile>
    <ClCompile Include="src\vortex\camera3d.cpp">
      <Filter>Source Files</Filter>
    </ClCompile>
    <ClCompile Include="src\vortex\jobprocessor.cpp">
      <Filter>Source Files</Filter>
    </ClCompile>
    <ClCompile Include="src\vortex\jobmanager.cpp">
      <Filter>Source Files</Filter>
    </ClCompile>
    <ClCompile Include="src\vortex\vertexposnormtex.cpp">
      <Filter>Source Files</Filter>
    </ClCompile>
    <ClCompile Include="src\vortex\simulationmanager.cpp">
      <Filter>Source Files</Filter>
    </ClCompile>
  </ItemGroup>
</Project>